
Microsoft Visual Studio Solution File, Format Version 12.00
# Visual Studio Version 17
VisualStudioVersion = 17.14.37502.11 d17.14
MinimumVisualStudioVersion = 10.0.40219.1
Project("{FAE04EC0-301F-11D3-BF4B-00C04F79EFBC}") = "SistemaChamados", "SistemaChamados.csproj", "{50C0FEFB-7E56-4F94-B5E3-16CD66B88988}"
EndProject
Global
	GlobalSection(SolutionConfigurationPlatforms) = preSolution
		Debug|Any CPU = Debug|Any CPU
		Release|Any CPU = Release|Any CPU
	EndGlobalSection
	GlobalSection(ProjectConfigurationPlatforms) = postSolution
		{50C0FEFB-7E56-4F94-B5E3-16CD66B88988}.Debug|Any CPU.ActiveCfg = Debug|Any CPU
		{50C0FEFB-7E56-4F94-B5E3-16CD66B88988}.Debug|Any CPU.Build.0 = Debug|Any CPU
		{50C0FEFB-7E56-4F94-B5E3-16CD66B88988}.Release|Any CPU.ActiveCfg = Release|Any CPU
		{50C0FEFB-7E56-4F94-B5E3-16CD66B88988}.Release|Any CPU.Build.0 = Release|Any CPU
	EndGlobalSection
	GlobalSection(SolutionProperties) = preSolution
		HideSolutionNode = FALSE
	EndGlobalSection
	GlobalSection(ExtensibilityGlobals) = postSolution
		SolutionGuid = {63C7CAC8-0E6A-4564-8DAE-44CDBA681F9B}
	EndGlobalSection
EndGlobal
